github.com/pieterjandesmedt/hugo-theme-gamebreaks v0.0.0-20231012123150-5ac52b110256 h1:VeLacNGqIScUhC3qt5q/taoXpJpoBAdVTvA+WUy0Ga4=
github.com/pieterjandesmedt/hugo-theme-gamebreaks v0.0.0-20231012123150-5ac52b110256/go.mod h1:8gtQ0xwk6ph7S+awnJ3UdxJv12aIU2J6CZAk26Ij11Q=
github.com/pieterjandesmedt/hugo-theme-gamebreaks v0.0.0-20231017100740-ea54d2733063 h1:BM6Bg4dpPYBGcuj10OEgW0WXVv90N/UTD9xKFNG5Y/c=
github.com/pieterjandesmedt/hugo-theme-gamebreaks v0.0.0-20231017100740-ea54d2733063/go.mod h1:8gtQ0xwk6ph7S+awnJ3UdxJv12aIU2J6CZAk26Ij11Q=
