github.com/pieterjandesmedt/hugo-theme-gamebreaks v0.0.0-20231012123150-5ac52b110256 h1:VeLacNGqIScUhC3qt5q/taoXpJpoBAdVTvA+WUy0Ga4=
github.com/pieterjandesmedt/hugo-theme-gamebreaks v0.0.0-20231012123150-5ac52b110256/go.mod h1:8gtQ0xwk6ph7S+awnJ3UdxJv12aIU2J6CZAk26Ij11Q=
github.com/pieterjandesmedt/hugo-theme-gamebreaks v0.0.0-20231017100740-ea54d2733063 h1:BM6Bg4dpPYBGcuj10OEgW0WXVv90N/UTD9xKFNG5Y/c=
github.com/pieterjandesmedt/hugo-theme-gamebreaks v0.0.0-20231017100740-ea54d2733063/go.mod h1:8gtQ0xwk6ph7S+awnJ3UdxJv12aIU2J6CZAk26Ij11Q=
github.com/pieterjandesmedt/hugo-theme-gamebreaks v0.0.0-20231019120758-255312b30a39 h1:DxwPp8ig3kbvQ3Vr6SECBoolQL+rNj5Rj+B1ttnSuTI=
github.com/pieterjandesmedt/hugo-theme-gamebreaks v0.0.0-20231019120758-255312b30a39/go.mod h1:8gtQ0xwk6ph7S+awnJ3UdxJv12aIU2J6CZAk26Ij11Q=
github.com/pieterjandesmedt/hugo-theme-gamebreaks v0.0.0-20231019121653-ba5c7a59e710 h1:FkAMiVQKhkK49WSAkyfDkr1aj1J6qWQLUeg1c8I4fHk=
github.com/pieterjandesmedt/hugo-theme-gamebreaks v0.0.0-20231019121653-ba5c7a59e710/go.mod h1:8gtQ0xwk6ph7S+awnJ3UdxJv12aIU2J6CZAk26Ij11Q=
github.com/pieterjandesmedt/hugo-theme-gamebreaks v0.0.0-20231025133533-1f8dac067c1d h1:Wqjtn7LIIPcO8+qemiT4b14GLqRF8ASwj3aOgCuSPOE=
github.com/pieterjandesmedt/hugo-theme-gamebreaks v0.0.0-20231025133533-1f8dac067c1d/go.mod h1:8gtQ0xwk6ph7S+awnJ3UdxJv12aIU2J6CZAk26Ij11Q=
github.com/pieterjandesmedt/hugo-theme-gamebreaks v0.0.0-20231025134605-769f402820f7 h1:RnBafHZP8PRy3q/npTAuzd7/JXbkLDtHV+jNMrLJoGI=
github.com/pieterjandesmedt/hugo-theme-gamebreaks v0.0.0-20231025134605-769f402820f7/go.mod h1:8gtQ0xwk6ph7S+awnJ3UdxJv12aIU2J6CZAk26Ij11Q=
github.com/pieterjandesmedt/hugo-theme-gamebreaks v0.0.0-20231025135214-31141965a769 h1:oxfv5IkXEU/AUtCx+TaiO1T7WDZuWoGo0QDsUQXP0Co=
github.com/pieterjandesmedt/hugo-theme-gamebreaks v0.0.0-20231025135214-31141965a769/go.mod h1:8gtQ0xwk6ph7S+awnJ3UdxJv12aIU2J6CZAk26Ij11Q=
github.com/pieterjandesmedt/hugo-theme-gamebreaks v0.0.0-20231025140126-e95f05505d8f h1:wwLMbGYyls6DdNSOGzwnweQ/gISGk2K7v1NioPLJ2Dc=
github.com/pieterjandesmedt/hugo-theme-gamebreaks v0.0.0-20231025140126-e95f05505d8f/go.mod h1:8gtQ0xwk6ph7S+awnJ3UdxJv12aIU2J6CZAk26Ij11Q=
github.com/pieterjandesmedt/hugo-theme-gamebreaks v0.0.0-20231123092608-767dc18877de h1:hhTvoskn5R6edVrRAxzIBLaeyAJQ7sf4wwdH3THvuPE=
github.com/pieterjandesmedt/hugo-theme-gamebreaks v0.0.0-20231123092608-767dc18877de/go.mod h1:8gtQ0xwk6ph7S+awnJ3UdxJv12aIU2J6CZAk26Ij11Q=
github.com/pieterjandesmedt/hugo-theme-gamebreaks v0.0.0-20231123125058-cf6347467a8f h1:IUTtaDftXnmks83iGD8n656Qlq3MziNb/jXPsdxRbbA=
github.com/pieterjandesmedt/hugo-theme-gamebreaks v0.0.0-20231123125058-cf6347467a8f/go.mod h1:8gtQ0xwk6ph7S+awnJ3UdxJv12aIU2J6CZAk26Ij11Q=
github.com/pieterjandesmedt/hugo-theme-gamebreaks v0.0.0-20231123125416-df986cc68406 h1:B3LAzLprWd08waZZ6VmJiUPSoyoGoPI22z2GVWLIHN8=
github.com/pieterjandesmedt/hugo-theme-gamebreaks v0.0.0-20231123125416-df986cc68406/go.mod h1:8gtQ0xwk6ph7S+awnJ3UdxJv12aIU2J6CZAk26Ij11Q=
github.com/pieterjandesmedt/hugo-theme-gamebreaks v0.0.0-20231123130910-fc6ac1baafc3 h1:dg6gBzjUsEWILzROj16rQkVxTrkxGWkE9GpExJG0TvY=
github.com/pieterjandesmedt/hugo-theme-gamebreaks v0.0.0-20231123130910-fc6ac1baafc3/go.mod h1:8gtQ0xwk6ph7S+awnJ3UdxJv12aIU2J6CZAk26Ij11Q=
github.com/pieterjandesmedt/hugo-theme-gamebreaks v0.0.0-20240131113406-1c99e249a5bb h1:Vh25we57TWVjlebjP/zwMfvC4ywylz/erIi3gw9H5qw=
github.com/pieterjandesmedt/hugo-theme-gamebreaks v0.0.0-20240131113406-1c99e249a5bb/go.mod h1:8gtQ0xwk6ph7S+awnJ3UdxJv12aIU2J6CZAk26Ij11Q=
github.com/pieterjandesmedt/hugo-theme-gamebreaks v0.0.0-20240131131721-f6481a9ac3c9 h1:xMUmx6W9vVrh6Zy9F0Vu0y59c28ncJKsd4SRai5Kt+0=
github.com/pieterjandesmedt/hugo-theme-gamebreaks v0.0.0-20240131131721-f6481a9ac3c9/go.mod h1:8gtQ0xwk6ph7S+awnJ3UdxJv12aIU2J6CZAk26Ij11Q=
github.com/pieterjandesmedt/hugo-theme-gamebreaks v0.0.0-20240220095539-86d3d06d3824 h1:ZCTruKnse8DF7IS97LTuJ+q+Nl94rJ8jbmBzj98Ofqo=
github.com/pieterjandesmedt/hugo-theme-gamebreaks v0.0.0-20240220095539-86d3d06d3824/go.mod h1:8gtQ0xwk6ph7S+awnJ3UdxJv12aIU2J6CZAk26Ij11Q=
github.com/pieterjandesmedt/hugo-theme-gamebreaks v0.0.0-20240307134516-f50bb454b3cc h1:QoDb9G1GS4v0nfHKDihMPpQrA6b/9WsV6AOwyUYvkaw=
github.com/pieterjandesmedt/hugo-theme-gamebreaks v0.0.0-20240307134516-f50bb454b3cc/go.mod h1:8gtQ0xwk6ph7S+awnJ3UdxJv12aIU2J6CZAk26Ij11Q=
github.com/pieterjandesmedt/hugo-theme-gamebreaks v0.0.0-20240603163831-cf577af76de0 h1:UFXP7lKiLaK/rukD7Cl12u0R42M663mzqTe+gMdYuNI=
github.com/pieterjandesmedt/hugo-theme-gamebreaks v0.0.0-20240603163831-cf577af76de0/go.mod h1:8gtQ0xwk6ph7S+awnJ3UdxJv12aIU2J6CZAk26Ij11Q=
